// !$*UTF8*$!
{
	archiveVersion = 1;
	classes = {
	};
	objectVersion = 56;
	objects = {

/* Begin PBXBuildFile section */
		438F63972B0B42B2001B49A4 /* RealityKitContent in Frameworks */ = {isa = PBXBuildFile; productRef = 438F63962B0B42B2001B49A4 /* RealityKitContent */; };
		438F63992B0B42B2001B49A4 /* Tutorial_LandmarksApp.swift in Sources */ = {isa = PBXBuildFile; fileRef = 438F63982B0B42B2001B49A4 /* Tutorial_LandmarksApp.swift */; };
		438F639B2B0B42B2001B49A4 /* ContentView.swift in Sources */ = {isa = PBXBuildFile; fileRef = 438F639A2B0B42B2001B49A4 /* ContentView.swift */; };
		438F639F2B0B42B3001B49A4 /* Assets.xcassets in Resources */ = {isa = PBXBuildFile; fileRef = 438F639E2B0B42B3001B49A4 /* Assets.xcassets */; };
		438F63A22B0B42B3001B49A4 /* Preview Assets.xcassets in Resources */ = {isa = PBXBuildFile; fileRef = 438F63A12B0B42B3001B49A4 /* Preview Assets.xcassets */; };
		438F63AD2B0B42B3001B49A4 /* Tutorial_LandmarksTests.swift in Sources */ = {isa = PBXBuildFile; fileRef = 438F63AC2B0B42B3001B49A4 /* Tutorial_LandmarksTests.swift */; };
		438F63B72B0B43B3001B49A4 /* .gitignore in Resources */ = {isa = PBXBuildFile; fileRef = 438F63B62B0B43B3001B49A4 /* .gitignore */; };
		438F63B92B0B48DE001B49A4 /* CircleImage.swift in Sources */ = {isa = PBXBuildFile; fileRef = 438F63B82B0B48DE001B49A4 /* CircleImage.swift */; };
		438F63BB2B0B4ACA001B49A4 /* MapView.swift in Sources */ = {isa = PBXBuildFile; fileRef = 438F63BA2B0B4ACA001B49A4 /* MapView.swift */; };
		438F63BD2B0B4D2E001B49A4 /* landmarkData.json in Resources */ = {isa = PBXBuildFile; fileRef = 438F63BC2B0B4D2E001B49A4 /* landmarkData.json */; };
		438F63BF2B0B4D55001B49A4 /* Landmark.swift in Sources */ = {isa = PBXBuildFile; fileRef = 438F63BE2B0B4D55001B49A4 /* Landmark.swift */; };
		438F63C12B0B4EA3001B49A4 /* ModelData.swift in Sources */ = {isa = PBXBuildFile; fileRef = 438F63C02B0B4EA3001B49A4 /* ModelData.swift */; };
		438F63C62B0B52FB001B49A4 /* LandmarkRow.swift in Sources */ = {isa = PBXBuildFile; fileRef = 438F63C52B0B52FB001B49A4 /* LandmarkRow.swift */; };
		43A2060D2B0C8CDD000DEA93 /* LandmarkList.swift in Sources */ = {isa = PBXBuildFile; fileRef = 43A2060C2B0C8CDD000DEA93 /* LandmarkList.swift */; };
		43A2060F2B0C9A5F000DEA93 /* LandmarkDetail.swift in Sources */ = {isa = PBXBuildFile; fileRef = 43A2060E2B0C9A5F000DEA93 /* LandmarkDetail.swift */; };
		43CC359D2B0B54AA00B14E11 /* LoadLandmark.swift in Sources */ = {isa = PBXBuildFile; fileRef = 43CC359C2B0B54AA00B14E11 /* LoadLandmark.swift */; };
		43CC359E2B0B564800B14E11 /* landmarkData.json in Resources */ = {isa = PBXBuildFile; fileRef = 438F63BC2B0B4D2E001B49A4 /* landmarkData.json */; };
/* End PBXBuildFile section */

/* Begin PBXContainerItemProxy section */
		438F63A92B0B42B3001B49A4 /* PBXContainerItemProxy */ = {
			isa = PBXContainerItemProxy;
			containerPortal = 438F63892B0B42B2001B49A4 /* Project object */;
			proxyType = 1;
			remoteGlobalIDString = 438F63902B0B42B2001B49A4;
			remoteInfo = Tutorial.Landmarks;
		};
/* End PBXContainerItemProxy section */

/* Begin PBXFileReference section */
		438F63912B0B42B2001B49A4 /* Tutorial.Landmarks.app */ = {isa = PBXFileReference; explicitFileType = wrapper.application; includeInIndex = 0; path = Tutorial.Landmarks.app; sourceTree = BUILT_PRODUCTS_DIR; };
		438F63952B0B42B2001B49A4 /* RealityKitContent */ = {isa = PBXFileReference; lastKnownFileType = wrapper; path = RealityKitContent; sourceTree = "<group>"; };
		438F63982B0B42B2001B49A4 /* Tutorial_LandmarksApp.swift */ = {isa = PBXFileReference; lastKnownFileType = sourcecode.swift; path = Tutorial_LandmarksApp.swift; sourceTree = "<group>"; };
		438F639A2B0B42B2001B49A4 /* ContentView.swift */ = {isa = PBXFileReference; lastKnownFileType = sourcecode.swift; path = ContentView.swift; sourceTree = "<group>"; };
		438F639E2B0B42B3001B49A4 /* Assets.xcassets */ = {isa = PBXFileReference; lastKnownFileType = folder.assetcatalog; path = Assets.xcassets; sourceTree = "<group>"; };
		438F63A12B0B42B3001B49A4 /* Preview Assets.xcassets */ = {isa = PBXFileReference; lastKnownFileType = folder.assetcatalog; path = "Preview Assets.xcassets"; sourceTree = "<group>"; };
		438F63A32B0B42B3001B49A4 /* Info.plist */ = {isa = PBXFileReference; lastKnownFileType = text.plist.xml; path = Info.plist; sourceTree = "<group>"; };
		438F63A82B0B42B3001B49A4 /* Tutorial.LandmarksTests.xctest */ = {isa = PBXFileReference; explicitFileType = wrapper.cfbundle; includeInIndex = 0; path = Tutorial.LandmarksTests.xctest; sourceTree = BUILT_PRODUCTS_DIR; };
		438F63AC2B0B42B3001B49A4 /* Tutorial_LandmarksTests.swift */ = {isa = PBXFileReference; lastKnownFileType = sourcecode.swift; path = Tutorial_LandmarksTests.swift; sourceTree = "<group>"; };
		438F63B62B0B43B3001B49A4 /* .gitignore */ = {isa = PBXFileReference; lastKnownFileType = text; path = .gitignore; sourceTree = "<group>"; };
		438F63B82B0B48DE001B49A4 /* CircleImage.swift */ = {isa = PBXFileReference; lastKnownFileType = sourcecode.swift; path = CircleImage.swift; sourceTree = "<group>"; };
		438F63BA2B0B4ACA001B49A4 /* MapView.swift */ = {isa = PBXFileReference; lastKnownFileType = sourcecode.swift; path = MapView.swift; sourceTree = "<group>"; };
		438F63BC2B0B4D2E001B49A4 /* landmarkData.json */ = {isa = PBXFileReference; fileEncoding = 4; lastKnownFileType = text.json; path = landmarkData.json; sourceTree = "<group>"; };
		438F63BE2B0B4D55001B49A4 /* Landmark.swift */ = {isa = PBXFileReference; lastKnownFileType = sourcecode.swift; path = Landmark.swift; sourceTree = "<group>"; };
		438F63C02B0B4EA3001B49A4 /* ModelData.swift */ = {isa = PBXFileReference; lastKnownFileType = sourcecode.swift; path = ModelData.swift; sourceTree = "<group>"; };
		438F63C52B0B52FB001B49A4 /* LandmarkRow.swift */ = {isa = PBXFileReference; lastKnownFileType = sourcecode.swift; path = LandmarkRow.swift; sourceTree = "<group>"; };
		43A2060C2B0C8CDD000DEA93 /* LandmarkList.swift */ = {isa = PBXFileReference; lastKnownFileType = sourcecode.swift; path = LandmarkList.swift; sourceTree = "<group>"; };
		43A2060E2B0C9A5F000DEA93 /* LandmarkDetail.swift */ = {isa = PBXFileReference; lastKnownFileType = sourcecode.swift; path = LandmarkDetail.swift; sourceTree = "<group>"; };
		43CC359C2B0B54AA00B14E11 /* LoadLandmark.swift */ = {isa = PBXFileReference; lastKnownFileType = sourcecode.swift; path = LoadLandmark.swift; sourceTree = "<group>"; };
/* End PBXFileReference section */

/* Begin PBXFrameworksBuildPhase section */
		438F638E2B0B42B2001B49A4 /* Frameworks */ = {
			isa = PBXFrameworksBuildPhase;
			buildActionMask = 2147483647;
			files = (
				438F63972B0B42B2001B49A4 /* RealityKitContent in Frameworks */,
			);
			runOnlyForDeploymentPostprocessing = 0;
		};
		438F63A52B0B42B3001B49A4 /* Frameworks */ = {
			isa = PBXFrameworksBuildPhase;
			buildActionMask = 2147483647;
			files = (
			);
			runOnlyForDeploymentPostprocessing = 0;
		};
/* End PBXFrameworksBuildPhase section */

/* Begin PBXGroup section */
		438F63882B0B42B2001B49A4 = {
			isa = PBXGroup;
			children = (
				438F63B62B0B43B3001B49A4 /* .gitignore */,
				438F63932B0B42B2001B49A4 /* Tutorial.Landmarks */,
				438F63942B0B42B2001B49A4 /* Packages */,
				438F63AB2B0B42B3001B49A4 /* Tutorial.LandmarksTests */,
				438F63922B0B42B2001B49A4 /* Products */,
			);
			sourceTree = "<group>";
		};
		438F63922B0B42B2001B49A4 /* Products */ = {
			isa = PBXGroup;
			children = (
				438F63912B0B42B2001B49A4 /* Tutorial.Landmarks.app */,
				438F63A82B0B42B3001B49A4 /* Tutorial.LandmarksTests.xctest */,
			);
			name = Products;
			sourceTree = "<group>";
		};
		438F63932B0B42B2001B49A4 /* Tutorial.Landmarks */ = {
			isa = PBXGroup;
			children = (
				438F63C42B0B4FA8001B49A4 /* Resources */,
				438F63C32B0B4F94001B49A4 /* Model */,
				438F63C22B0B4F7D001B49A4 /* Views */,
				438F63982B0B42B2001B49A4 /* Tutorial_LandmarksApp.swift */,
				438F639E2B0B42B3001B49A4 /* Assets.xcassets */,
				438F63A32B0B42B3001B49A4 /* Info.plist */,
				438F63A02B0B42B3001B49A4 /* Preview Content */,
			);
			path = Tutorial.Landmarks;
			sourceTree = "<group>";
		};
		438F63942B0B42B2001B49A4 /* Packages */ = {
			isa = PBXGroup;
			children = (
				438F63952B0B42B2001B49A4 /* RealityKitContent */,
			);
			path = Packages;
			sourceTree = "<group>";
		};
		438F63A02B0B42B3001B49A4 /* Preview Content */ = {
			isa = PBXGroup;
			children = (
				438F63A12B0B42B3001B49A4 /* Preview Assets.xcassets */,
			);
			path = "Preview Content";
			sourceTree = "<group>";
		};
		438F63AB2B0B42B3001B49A4 /* Tutorial.LandmarksTests */ = {
			isa = PBXGroup;
			children = (
				438F63AC2B0B42B3001B49A4 /* Tutorial_LandmarksTests.swift */,
				43CC359C2B0B54AA00B14E11 /* LoadLandmark.swift */,
			);
			path = Tutorial.LandmarksTests;
			sourceTree = "<group>";
		};
		438F63C22B0B4F7D001B49A4 /* Views */ = {
			isa = PBXGroup;
			children = (
				438F63BA2B0B4ACA001B49A4 /* MapView.swift */,
				438F63B82B0B48DE001B49A4 /* CircleImage.swift */,
				438F639A2B0B42B2001B49A4 /* ContentView.swift */,
				438F63C52B0B52FB001B49A4 /* LandmarkRow.swift */,
				43A2060C2B0C8CDD000DEA93 /* LandmarkList.swift */,
				43A2060E2B0C9A5F000DEA93 /* LandmarkDetail.swift */,
			);
			path = Views;
			sourceTree = "<group>";
		};
		438F63C32B0B4F94001B49A4 /* Model */ = {
			isa = PBXGroup;
			children = (
				438F63C02B0B4EA3001B49A4 /* ModelData.swift */,
				438F63BE2B0B4D55001B49A4 /* Landmark.swift */,
			);
			path = Model;
			sourceTree = "<group>";
		};
		438F63C42B0B4FA8001B49A4 /* Resources */ = {
			isa = PBXGroup;
			children = (
				438F63BC2B0B4D2E001B49A4 /* landmarkData.json */,
			);
			path = Resources;
			sourceTree = "<group>";
		};
/* End PBXGroup section */

/* Begin PBXNativeTarget section */
		438F63902B0B42B2001B49A4 /* Tutorial.Landmarks */ = {
			isa = PBXNativeTarget;
			buildConfigurationList = 438F63B02B0B42B3001B49A4 /* Build configuration list for PBXNativeTarget "Tutorial.Landmarks" */;
			buildPhases = (
				438F638D2B0B42B2001B49A4 /* Sources */,
				438F638E2B0B42B2001B49A4 /* Frameworks */,
				438F638F2B0B42B2001B49A4 /* Resources */,
			);
			buildRules = (
			);
			dependencies = (
			);
			name = Tutorial.Landmarks;
			packageProductDependencies = (
				438F63962B0B42B2001B49A4 /* RealityKitContent */,
			);
			productName = Tutorial.Landmarks;
			productReference = 438F63912B0B42B2001B49A4 /* Tutorial.Landmarks.app */;
			productType = "com.apple.product-type.application";
		};
		438F63A72B0B42B3001B49A4 /* Tutorial.LandmarksTests */ = {
			isa = PBXNativeTarget;
			buildConfigurationList = 438F63B32B0B42B3001B49A4 /* Build configuration list for PBXNativeTarget "Tutorial.LandmarksTests" */;
			buildPhases = (
				438F63A42B0B42B3001B49A4 /* Sources */,
				438F63A52B0B42B3001B49A4 /* Frameworks */,
				438F63A62B0B42B3001B49A4 /* Resources */,
			);
			buildRules = (
			);
			dependencies = (
				438F63AA2B0B42B3001B49A4 /* PBXTargetDependency */,
			);
			name = Tutorial.LandmarksTests;
			productName = Tutorial.LandmarksTests;
			productReference = 438F63A82B0B42B3001B49A4 /* Tutorial.LandmarksTests.xctest */;
			productType = "com.apple.product-type.bundle.unit-test";
		};
/* End PBXNativeTarget section */

/* Begin PBXProject section */
		438F63892B0B42B2001B49A4 /* Project object */ = {
			isa = PBXProject;
			attributes = {
				BuildIndependentTargetsInParallel = 1;
				LastSwiftUpdateCheck = 1510;
				LastUpgradeCheck = 1510;
				TargetAttributes = {
					438F63902B0B42B2001B49A4 = {
						CreatedOnToolsVersion = 15.1;
					};
					438F63A72B0B42B3001B49A4 = {
						CreatedOnToolsVersion = 15.1;
						TestTargetID = 438F63902B0B42B2001B49A4;
					};
				};
			};
			buildConfigurationList = 438F638C2B0B42B2001B49A4 /* Build configuration list for PBXProject "Tutorial.Landmarks" */;
			compatibilityVersion = "Xcode 14.0";
			developmentRegion = en;
			hasScannedForEncodings = 0;
			knownRegions = (
				en,
				Base,
			);
			mainGroup = 438F63882B0B42B2001B49A4;
			productRefGroup = 438F63922B0B42B2001B49A4 /* Products */;
			projectDirPath = "";
			projectRoot = "";
			targets = (
				438F63902B0B42B2001B49A4 /* Tutorial.Landmarks */,
				438F63A72B0B42B3001B49A4 /* Tutorial.LandmarksTests */,
			);
		};
/* End PBXProject section */

/* Begin PBXResourcesBuildPhase section */
		438F638F2B0B42B2001B49A4 /* Resources */ = {
			isa = PBXResourcesBuildPhase;
			buildActionMask = 2147483647;
			files = (
				438F63A22B0B42B3001B49A4 /* Preview Assets.xcassets in Resources */,
				438F63BD2B0B4D2E001B49A4 /* landmarkData.json in Resources */,
				438F63B72B0B43B3001B49A4 /* .gitignore in Resources */,
				438F639F2B0B42B3001B49A4 /* Assets.xcassets in Resources */,
			);
			runOnlyForDeploymentPostprocessing = 0;
		};
		438F63A62B0B42B3001B49A4 /* Resources */ = {
			isa = PBXResourcesBuildPhase;
			buildActionMask = 2147483647;
			files = (
				43CC359E2B0B564800B14E11 /* landmarkData.json in Resources */,
			);
			runOnlyForDeploymentPostprocessing = 0;
		};
/* End PBXResourcesBuildPhase section */

/* Begin PBXSourcesBuildPhase section */
		438F638D2B0B42B2001B49A4 /* Sources */ = {
			isa = PBXSourcesBuildPhase;
			buildActionMask = 2147483647;
			files = (
				438F639B2B0B42B2001B49A4 /* ContentView.swift in Sources */,
				438F63BB2B0B4ACA001B49A4 /* MapView.swift in Sources */,
				438F63B92B0B48DE001B49A4 /* CircleImage.swift in Sources */,
				43A2060D2B0C8CDD000DEA93 /* LandmarkList.swift in Sources */,
				43A2060F2B0C9A5F000DEA93 /* LandmarkDetail.swift in Sources */,
				438F63992B0B42B2001B49A4 /* Tutorial_LandmarksApp.swift in Sources */,
				438F63BF2B0B4D55001B49A4 /* Landmark.swift in Sources */,
				438F63C62B0B52FB001B49A4 /* LandmarkRow.swift in Sources */,
				438F63C12B0B4EA3001B49A4 /* ModelData.swift in Sources */,
			);
			runOnlyForDeploymentPostprocessing = 0;
		};
		438F63A42B0B42B3001B49A4 /* Sources */ = {
			isa = PBXSourcesBuildPhase;
			buildActionMask = 2147483647;
			files = (
				438F63AD2B0B42B3001B49A4 /* Tutorial_LandmarksTests.swift in Sources */,
				43CC359D2B0B54AA00B14E11 /* LoadLandmark.swift in Sources */,
			);
			runOnlyForDeploymentPostprocessing = 0;
		};
/* End PBXSourcesBuildPhase section */

/* Begin PBXTargetDependency section */
		438F63AA2B0B42B3001B49A4 /* PBXTargetDependency */ = {
			isa = PBXTargetDependency;
			target = 438F63902B0B42B2001B49A4 /* Tutorial.Landmarks */;
			targetProxy = 438F63A92B0B42B3001B49A4 /* PBXContainerItemProxy */;
		};
/* End PBXTargetDependency section */

/* Begin XCBuildConfiguration section */
		438F63AE2B0B42B3001B49A4 /* Debug */ = {
			isa = XCBuildConfiguration;
			buildSettings = {
				ALWAYS_SEARCH_USER_PATHS = NO;
				ASSETCATALOG_COMPILER_GENERATE_SWIFT_ASSET_SYMBOL_EXTENSIONS = YES;
				CLANG_ANALYZER_NONNULL = YES;
				CLANG_ANALYZER_NUMBER_OBJECT_CONVERSION = YES_AGGRESSIVE;
				CLANG_CXX_LANGUAGE_STANDARD = "gnu++20";
				CLANG_ENABLE_MODULES = YES;
				CLANG_ENABLE_OBJC_ARC = YES;
				CLANG_ENABLE_OBJC_WEAK = YES;
				CLANG_WARN_BLOCK_CAPTURE_AUTORELEASING = YES;
				CLANG_WARN_BOOL_CONVERSION = YES;
				CLANG_WARN_COMMA = YES;
				CLANG_WARN_CONSTANT_CONVERSION = YES;
				CLANG_WARN_DEPRECATED_OBJC_IMPLEMENTATIONS = YES;
				CLANG_WARN_DIRECT_OBJC_ISA_USAGE = YES_ERROR;
				CLANG_WARN_DOCUMENTATION_COMMENTS = YES;
				CLANG_WARN_EMPTY_BODY = YES;
				CLANG_WARN_ENUM_CONVERSION = YES;
				CLANG_WARN_INFINITE_RECURSION = YES;
				CLANG_WARN_INT_CONVERSION = YES;
				CLANG_WARN_NON_LITERAL_NULL_CONVERSION = YES;
				CLANG_WARN_OBJC_IMPLICIT_RETAIN_SELF = YES;
				CLANG_WARN_OBJC_LITERAL_CONVERSION = YES;
				CLANG_WARN_OBJC_ROOT_CLASS = YES_ERROR;
				CLANG_WARN_QUOTED_INCLUDE_IN_FRAMEWORK_HEADER = YES;
				CLANG_WARN_RANGE_LOOP_ANALYSIS = YES;
				CLANG_WARN_STRICT_PROTOTYPES = YES;
				CLANG_WARN_SUSPICIOUS_MOVE = YES;
				CLANG_WARN_UNGUARDED_AVAILABILITY = YES_AGGRESSIVE;
				CLANG_WARN_UNREACHABLE_CODE = YES;
				CLANG_WARN__DUPLICATE_METHOD_MATCH = YES;
				COPY_PHASE_STRIP = NO;
				DEBUG_INFORMATION_FORMAT = dwarf;
				ENABLE_STRICT_OBJC_MSGSEND = YES;
				ENABLE_TESTABILITY = YES;
				ENABLE_USER_SCRIPT_SANDBOXING = YES;
				GCC_C_LANGUAGE_STANDARD = gnu17;
				GCC_DYNAMIC_NO_PIC = NO;
				GCC_NO_COMMON_BLOCKS = YES;
				GCC_OPTIMIZATION_LEVEL = 0;
				GCC_PREPROCESSOR_DEFINITIONS = (
					"DEBUG=1",
					"$(inherited)",
				);
				GCC_WARN_64_TO_32_BIT_CONVERSION = YES;
				GCC_WARN_ABOUT_RETURN_TYPE = YES_ERROR;
				GCC_WARN_UNDECLARED_SELECTOR = YES;
				GCC_WARN_UNINITIALIZED_AUTOS = YES_AGGRESSIVE;
				GCC_WARN_UNUSED_FUNCTION = YES;
				GCC_WARN_UNUSED_VARIABLE = YES;
				LOCALIZATION_PREFERS_STRING_CATALOGS = YES;
				MTL_ENABLE_DEBUG_INFO = INCLUDE_SOURCE;
				MTL_FAST_MATH = YES;
				ONLY_ACTIVE_ARCH = YES;
				SDKROOT = xros;
				SWIFT_ACTIVE_COMPILATION_CONDITIONS = "DEBUG $(inherited)";
				SWIFT_OPTIMIZATION_LEVEL = "-Onone";
				XROS_DEPLOYMENT_TARGET = 1.0;
			};
			name = Debug;
		};
		438F63AF2B0B42B3001B49A4 /* Release */ = {
			isa = XCBuildConfiguration;
			buildSettings = {
				ALWAYS_SEARCH_USER_PATHS = NO;
				ASSETCATALOG_COMPILER_GENERATE_SWIFT_ASSET_SYMBOL_EXTENSIONS = YES;
				CLANG_ANALYZER_NONNULL = YES;
				CLANG_ANALYZER_NUMBER_OBJECT_CONVERSION = YES_AGGRESSIVE;
				CLANG_CXX_LANGUAGE_STANDARD = "gnu++20";
				CLANG_ENABLE_MODULES = YES;
				CLANG_ENABLE_OBJC_ARC = YES;
				CLANG_ENABLE_OBJC_WEAK = YES;
				CLANG_WARN_BLOCK_CAPTURE_AUTORELEASING = YES;
				CLANG_WARN_BOOL_CONVERSION = YES;
				CLANG_WARN_COMMA = YES;
				CLANG_WARN_CONSTANT_CONVERSION = YES;
				CLANG_WARN_DEPRECATED_OBJC_IMPLEMENTATIONS = YES;
				CLANG_WARN_DIRECT_OBJC_ISA_USAGE = YES_ERROR;
				CLANG_WARN_DOCUMENTATION_COMMENTS = YES;
				CLANG_WARN_EMPTY_BODY = YES;
				CLANG_WARN_ENUM_CONVERSION = YES;
				CLANG_WARN_INFINITE_RECURSION = YES;
				CLANG_WARN_INT_CONVERSION = YES;
				CLANG_WARN_NON_LITERAL_NULL_CONVERSION = YES;
				CLANG_WARN_OBJC_IMPLICIT_RETAIN_SELF = YES;
				CLANG_WARN_OBJC_LITERAL_CONVERSION = YES;
				CLANG_WARN_OBJC_ROOT_CLASS = YES_ERROR;
				CLANG_WARN_QUOTED_INCLUDE_IN_FRAMEWORK_HEADER = YES;
				CLANG_WARN_RANGE_LOOP_ANALYSIS = YES;
				CLANG_WARN_STRICT_PROTOTYPES = YES;
				CLANG_WARN_SUSPICIOUS_MOVE = YES;
				CLANG_WARN_UNGUARDED_AVAILABILITY = YES_AGGRESSIVE;
				CLANG_WARN_UNREACHABLE_CODE = YES;
				CLANG_WARN__DUPLICATE_METHOD_MATCH = YES;
				COPY_PHASE_STRIP = NO;
				DEBUG_INFORMATION_FORMAT = "dwarf-with-dsym";
				ENABLE_NS_ASSERTIONS = NO;
				ENABLE_STRICT_OBJC_MSGSEND = YES;
				ENABLE_USER_SCRIPT_SANDBOXING = YES;
				GCC_C_LANGUAGE_STANDARD = gnu17;
				GCC_NO_COMMON_BLOCKS = YES;
				GCC_WARN_64_TO_32_BIT_CONVERSION = YES;
				GCC_WARN_ABOUT_RETURN_TYPE = YES_ERROR;
				GCC_WARN_UNDECLARED_SELECTOR = YES;
				GCC_WARN_UNINITIALIZED_AUTOS = YES_AGGRESSIVE;
				GCC_WARN_UNUSED_FUNCTION = YES;
				GCC_WARN_UNUSED_VARIABLE = YES;
				LOCALIZATION_PREFERS_STRING_CATALOGS = YES;
				MTL_ENABLE_DEBUG_INFO = NO;
				MTL_FAST_MATH = YES;
				SDKROOT = xros;
				SWIFT_COMPILATION_MODE = wholemodule;
				VALIDATE_PRODUCT = YES;
				XROS_DEPLOYMENT_TARGET = 1.0;
			};
			name = Release;
		};
		438F63B12B0B42B3001B49A4 /* Debug */ = {
			isa = XCBuildConfiguration;
			buildSettings = {
				ASSETCATALOG_COMPILER_APPICON_NAME = AppIcon;
				ASSETCATALOG_COMPILER_GLOBAL_ACCENT_COLOR_NAME = AccentColor;
				CODE_SIGN_STYLE = Automatic;
				CURRENT_PROJECT_VERSION = 1;
				DEVELOPMENT_ASSET_PATHS = "\"Tutorial.Landmarks/Preview Content\"";
				DEVELOPMENT_TEAM = S5UNLP3V56;
				ENABLE_PREVIEWS = YES;
				GENERATE_INFOPLIST_FILE = YES;
				INFOPLIST_FILE = "$(TARGET_NAME)/Info.plist";
				LD_RUNPATH_SEARCH_PATHS = (
					"$(inherited)",
					"@executable_path/Frameworks",
				);
				MARKETING_VERSION = 1.0;
				PRODUCT_BUNDLE_IDENTIFIER = "Ushuaia.Tutorial-Landmarks";
				PRODUCT_NAME = "$(TARGET_NAME)";
				SUPPORTED_PLATFORMS = "xros xrsimulator";
				SWIFT_EMIT_LOC_STRINGS = YES;
				SWIFT_VERSION = 5.0;
				TARGETED_DEVICE_FAMILY = "1,2,7";
			};
			name = Debug;
		};
		438F63B22B0B42B3001B49A4 /* Release */ = {
			isa = XCBuildConfiguration;
			buildSettings = {
				ASSETCATALOG_COMPILER_APPICON_NAME = AppIcon;
				ASSETCATALOG_COMPILER_GLOBAL_ACCENT_COLOR_NAME = AccentColor;
				CODE_SIGN_STYLE = Automatic;
				CURRENT_PROJECT_VERSION = 1;
				DEVELOPMENT_ASSET_PATHS = "\"Tutorial.Landmarks/Preview Content\"";
				DEVELOPMENT_TEAM = S5UNLP3V56;
				ENABLE_PREVIEWS = YES;
				GENERATE_INFOPLIST_FILE = YES;
				INFOPLIST_FILE = "$(TARGET_NAME)/Info.plist";
				LD_RUNPATH_SEARCH_PATHS = (
					"$(inherited)",
					"@executable_path/Frameworks",
				);
				MARKETING_VERSION = 1.0;
				PRODUCT_BUNDLE_IDENTIFIER = "Ushuaia.Tutorial-Landmarks";
				PRODUCT_NAME = "$(TARGET_NAME)";
				SUPPORTED_PLATFORMS = "xros xrsimulator";
				SWIFT_EMIT_LOC_STRINGS = YES;
				SWIFT_VERSION = 5.0;
				TARGETED_DEVICE_FAMILY = "1,2,7";
			};
			name = Release;
		};
		438F63B42B0B42B3001B49A4 /* Debug */ = {
			isa = XCBuildConfiguration;
			buildSettings = {
				ALWAYS_EMBED_SWIFT_STANDARD_LIBRARIES = YES;
				BUNDLE_LOADER = "$(TEST_HOST)";
				CODE_SIGN_STYLE = Automatic;
				CURRENT_PROJECT_VERSION = 1;
				DEVELOPMENT_TEAM = S5UNLP3V56;
				GENERATE_INFOPLIST_FILE = YES;
				MARKETING_VERSION = 1.0;
				PRODUCT_BUNDLE_IDENTIFIER = "Ushuaia.Tutorial-LandmarksTests";
				PRODUCT_NAME = "$(TARGET_NAME)";
				SUPPORTED_PLATFORMS = "xros xrsimulator";
				SWIFT_EMIT_LOC_STRINGS = NO;
				SWIFT_VERSION = 5.0;
				TARGETED_DEVICE_FAMILY = "1,2,7";
				TEST_HOST = "$(BUILT_PRODUCTS_DIR)/Tutorial.Landmarks.app/$(BUNDLE_EXECUTABLE_FOLDER_PATH)/Tutorial.Landmarks";
				XROS_DEPLOYMENT_TARGET = 1.0;
			};
			name = Debug;
		};
		438F63B52B0B42B3001B49A4 /* Release */ = {
			isa = XCBuildConfiguration;
			buildSettings = {
				ALWAYS_EMBED_SWIFT_STANDARD_LIBRARIES = YES;
				BUNDLE_LOADER = "$(TEST_HOST)";
				CODE_SIGN_STYLE = Automatic;
				CURRENT_PROJECT_VERSION = 1;
				DEVELOPMENT_TEAM = S5UNLP3V56;
				GENERATE_INFOPLIST_FILE = YES;
				MARKETING_VERSION = 1.0;
				PRODUCT_BUNDLE_IDENTIFIER = "Ushuaia.Tutorial-LandmarksTests";
				PRODUCT_NAME = "$(TARGET_NAME)";
				SUPPORTED_PLATFORMS = "xros xrsimulator";
				SWIFT_EMIT_LOC_STRINGS = NO;
				SWIFT_VERSION = 5.0;
				TARGETED_DEVICE_FAMILY = "1,2,7";
				TEST_HOST = "$(BUILT_PRODUCTS_DIR)/Tutorial.Landmarks.app/$(BUNDLE_EXECUTABLE_FOLDER_PATH)/Tutorial.Landmarks";
				XROS_DEPLOYMENT_TARGET = 1.0;
			};
			name = Release;
		};
/* End XCBuildConfiguration section */

/* Begin XCConfigurationList section */
		438F638C2B0B42B2001B49A4 /* Build configuration list for PBXProject "Tutorial.Landmarks" */ = {
			isa = XCConfigurationList;
			buildConfigurations = (
				438F63AE2B0B42B3001B49A4 /* Debug */,
				438F63AF2B0B42B3001B49A4 /* Release */,
			);
			defaultConfigurationIsVisible = 0;
			defaultConfigurationName = Release;
		};
		438F63B02B0B42B3001B49A4 /* Build configuration list for PBXNativeTarget "Tutorial.Landmarks" */ = {
			isa = XCConfigurationList;
			buildConfigurations = (
				438F63B12B0B42B3001B49A4 /* Debug */,
				438F63B22B0B42B3001B49A4 /* Release */,
			);
			defaultConfigurationIsVisible = 0;
			defaultConfigurationName = Release;
		};
		438F63B32B0B42B3001B49A4 /* Build configuration list for PBXNativeTarget "Tutorial.LandmarksTests" */ = {
			isa = XCConfigurationList;
			buildConfigurations = (
				438F63B42B0B42B3001B49A4 /* Debug */,
				438F63B52B0B42B3001B49A4 /* Release */,
			);
			defaultConfigurationIsVisible = 0;
			defaultConfigurationName = Release;
		};
/* End XCConfigurationList section */

/* Begin XCSwiftPackageProductDependency section */
		438F63962B0B42B2001B49A4 /* RealityKitContent */ = {
			isa = XCSwiftPackageProductDependency;
			productName = RealityKitContent;
		};
/* End XCSwiftPackageProductDependency section */
	};
	rootObject = 438F63892B0B42B2001B49A4 /* Project object */;
}
